
Microsoft Visual Studio Solution File, Format Version 12.00
# Visual Studio 14
VisualStudioVersion = 14.0.25123.0
MinimumVisualStudioVersion = 10.0.40219.1
Project("{B6A5BCF8-5C37-4B84-BE7C-2F932B940B97}") = "Sitecore.Support.338284", "Sitecore.Support.338284\Sitecore.Support.338284.csproj", "{5DFD5641-59D0-4FB9-B5B5-D82C20CE521E}"
EndProject
Global
	GlobalSection(SolutionConfigurationPlatforms) = preSolution
		Debug|Any CPU = Debug|Any CPU
		Release|Any CPU = Release|Any CPU
	EndGlobalSection
	GlobalSection(ProjectConfigurationPlatforms) = postSolution
		{5DFD5641-59D0-4FB9-B5B5-D82C20CE521E}.Debug|Any CPU.ActiveCfg = Debug|Any CPU
		{5DFD5641-59D0-4FB9-B5B5-D82C20CE521E}.Debug|Any CPU.Build.0 = Debug|Any CPU
		{5DFD5641-59D0-4FB9-B5B5-D82C20CE521E}.Release|Any CPU.ActiveCfg = Release|Any CPU
		{5DFD5641-59D0-4FB9-B5B5-D82C20CE521E}.Release|Any CPU.Build.0 = Release|Any CPU
	EndGlobalSection
	GlobalSection(SolutionProperties) = preSolution
		HideSolutionNode = FALSE
	EndGlobalSection
EndGlobal
